<?xml version="1.0" encoding="UTF-8" standalone="yes" ?>
<CodeBlocks_project_file>
	<FileVersion major="1" minor="6" />
	<Project>
		<Option title="poc" />
		<Option pch_mode="2" />
		<Option compiler="gcc" />
		<Build>
			<Target title="Debug">
				<Option output="bin/Debug/poc" prefix_auto="1" extension_auto="1" />
				<Option object_output="obj/Debug/" />
				<Option type="1" />
				<Option compiler="gcc" />
				<Compiler>
					<Add option="-g" />
				</Compiler>
				<Linker>
					<Add option="-lSDL2" />
					<Add option="-lGL" />
					<Add option="-lGLEW" />
				</Linker>
			</Target>
			<Target title="Release">
				<Option output="bin/Release/poc" prefix_auto="1" extension_auto="1" />
				<Option object_output="obj/Release/" />
				<Option type="1" />
				<Option compiler="gcc" />
				<Compiler>
					<Add option="-O2" />
				</Compiler>
				<Linker>
					<Add option="-s" />
				</Linker>
			</Target>
		</Build>
		<Compiler>
			<Add option="-Wall" />
			<Add option="-std=c++14" />
			<Add option="-fexceptions" />
		</Compiler>
		<Unit filename="app.cpp" />
		<Unit filename="app.h" />
		<Unit filename="line.cpp" />
		<Unit filename="line.h" />
		<Unit filename="llist.cpp" />
		<Unit filename="llist.h" />
		<Unit filename="main.cpp" />
		<Unit filename="pgdirector.cpp" />
		<Unit filename="pgdirector.h" />
		<Unit filename="shader.cpp" />
		<Unit filename="shader.h" />
		<Unit filename="vertex.cpp" />
		<Unit filename="vertex.h" />
		<Unit filename="window.cpp" />
		<Unit filename="window.h" />
		<Extensions>
			<code_completion />
			<debugger />
		</Extensions>
	</Project>
</CodeBlocks_project_file>
